
Microsoft Visual Studio Solution File, Format Version 12.00
# Visual Studio Version 17
VisualStudioVersion = 17.4.33122.133
MinimumVisualStudioVersion = 10.0.40219.1
Project("{E24C65DC-7377-472B-9ABA-BC803B73C61A}") = "OGGETTI", ".", "{E603A2B4-108D-4FB7-BE20-5B3D8153823A}"
	ProjectSection(WebsiteProperties) = preProject
		TargetFrameworkMoniker = ".NETFramework,Version%3Dv4.7.2"
		Debug.AspNetCompiler.VirtualPath = "/localhost_55998"
		Debug.AspNetCompiler.PhysicalPath = "..\OGGETTI\"
		Debug.AspNetCompiler.TargetPath = "PrecompiledWeb\localhost_55998\"
		Debug.AspNetCompiler.Updateable = "true"
		Debug.AspNetCompiler.ForceOverwrite = "true"
		Debug.AspNetCompiler.FixedNames = "false"
		Debug.AspNetCompiler.Debug = "True"
		Release.AspNetCompiler.VirtualPath = "/localhost_55998"
		Release.AspNetCompiler.PhysicalPath = "..\OGGETTI\"
		Release.AspNetCompiler.TargetPath = "PrecompiledWeb\localhost_55998\"
		Release.AspNetCompiler.Updateable = "true"
		Release.AspNetCompiler.ForceOverwrite = "true"
		Release.AspNetCompiler.FixedNames = "false"
		Release.AspNetCompiler.Debug = "False"
		VWDPort = "55998"
		SlnRelativePath = "..\OGGETTI\"
		DefaultWebSiteLanguage = "Visual C#"
	EndProjectSection
EndProject
Global
	GlobalSection(SolutionConfigurationPlatforms) = preSolution
		Debug|Any CPU = Debug|Any CPU
	EndGlobalSection
	GlobalSection(ProjectConfigurationPlatforms) = postSolution
		{E603A2B4-108D-4FB7-BE20-5B3D8153823A}.Debug|Any CPU.ActiveCfg = Debug|Any CPU
		{E603A2B4-108D-4FB7-BE20-5B3D8153823A}.Debug|Any CPU.Build.0 = Debug|Any CPU
	EndGlobalSection
	GlobalSection(SolutionProperties) = preSolution
		HideSolutionNode = FALSE
	EndGlobalSection
	GlobalSection(ExtensibilityGlobals) = postSolution
		SolutionGuid = {47CC23A4-1A5C-4B0A-A2AF-B0956014F7F2}
	EndGlobalSection
EndGlobal
