
Microsoft Visual Studio Solution File, Format Version 12.00
# Visual Studio Version 17
VisualStudioVersion = 17.4.33122.133
MinimumVisualStudioVersion = 10.0.40219.1
Project("{E24C65DC-7377-472B-9ABA-BC803B73C61A}") = "PrimoEsercizio", ".", "{5ECEEFC5-D221-4BFC-99AC-F8A4DF9337F9}"
	ProjectSection(WebsiteProperties) = preProject
		TargetFrameworkMoniker = ".NETFramework,Version%3Dv4.7.2"
		Debug.AspNetCompiler.VirtualPath = "/localhost_57273"
		Debug.AspNetCompiler.PhysicalPath = "..\PrimoEsercizio\"
		Debug.AspNetCompiler.TargetPath = "PrecompiledWeb\localhost_57273\"
		Debug.AspNetCompiler.Updateable = "true"
		Debug.AspNetCompiler.ForceOverwrite = "true"
		Debug.AspNetCompiler.FixedNames = "false"
		Debug.AspNetCompiler.Debug = "True"
		Release.AspNetCompiler.VirtualPath = "/localhost_57273"
		Release.AspNetCompiler.PhysicalPath = "..\PrimoEsercizio\"
		Release.AspNetCompiler.TargetPath = "PrecompiledWeb\localhost_57273\"
		Release.AspNetCompiler.Updateable = "true"
		Release.AspNetCompiler.ForceOverwrite = "true"
		Release.AspNetCompiler.FixedNames = "false"
		Release.AspNetCompiler.Debug = "False"
		VWDPort = "57273"
		SlnRelativePath = "..\PrimoEsercizio\"
		DefaultWebSiteLanguage = "Visual C#"
	EndProjectSection
EndProject
Global
	GlobalSection(SolutionConfigurationPlatforms) = preSolution
		Debug|Any CPU = Debug|Any CPU
	EndGlobalSection
	GlobalSection(ProjectConfigurationPlatforms) = postSolution
		{5ECEEFC5-D221-4BFC-99AC-F8A4DF9337F9}.Debug|Any CPU.ActiveCfg = Debug|Any CPU
		{5ECEEFC5-D221-4BFC-99AC-F8A4DF9337F9}.Debug|Any CPU.Build.0 = Debug|Any CPU
	EndGlobalSection
	GlobalSection(SolutionProperties) = preSolution
		HideSolutionNode = FALSE
	EndGlobalSection
	GlobalSection(ExtensibilityGlobals) = postSolution
		SolutionGuid = {7755436C-2C20-43DF-B896-0AAD1A101714}
	EndGlobalSection
EndGlobal
