
Microsoft Visual Studio Solution File, Format Version 12.00
# Visual Studio Version 17
VisualStudioVersion = 17.4.33205.214
MinimumVisualStudioVersion = 10.0.40219.1
Project("{E24C65DC-7377-472B-9ABA-BC803B73C61A}") = "SLOTS", ".", "{11AD3139-0DBD-4965-82E9-B223D23B4A37}"
	ProjectSection(WebsiteProperties) = preProject
		TargetFrameworkMoniker = ".NETFramework,Version%3Dv4.7.2"
		Debug.AspNetCompiler.VirtualPath = "/localhost_63659"
		Debug.AspNetCompiler.PhysicalPath = "..\SLOTS\"
		Debug.AspNetCompiler.TargetPath = "PrecompiledWeb\localhost_63659\"
		Debug.AspNetCompiler.Updateable = "true"
		Debug.AspNetCompiler.ForceOverwrite = "true"
		Debug.AspNetCompiler.FixedNames = "false"
		Debug.AspNetCompiler.Debug = "True"
		Release.AspNetCompiler.VirtualPath = "/localhost_63659"
		Release.AspNetCompiler.PhysicalPath = "..\SLOTS\"
		Release.AspNetCompiler.TargetPath = "PrecompiledWeb\localhost_63659\"
		Release.AspNetCompiler.Updateable = "true"
		Release.AspNetCompiler.ForceOverwrite = "true"
		Release.AspNetCompiler.FixedNames = "false"
		Release.AspNetCompiler.Debug = "False"
		VWDPort = "63659"
		SlnRelativePath = "..\SLOTS\"
		DefaultWebSiteLanguage = "Visual C#"
	EndProjectSection
EndProject
Global
	GlobalSection(SolutionConfigurationPlatforms) = preSolution
		Debug|Any CPU = Debug|Any CPU
	EndGlobalSection
	GlobalSection(ProjectConfigurationPlatforms) = postSolution
		{11AD3139-0DBD-4965-82E9-B223D23B4A37}.Debug|Any CPU.ActiveCfg = Debug|Any CPU
		{11AD3139-0DBD-4965-82E9-B223D23B4A37}.Debug|Any CPU.Build.0 = Debug|Any CPU
	EndGlobalSection
	GlobalSection(SolutionProperties) = preSolution
		HideSolutionNode = FALSE
	EndGlobalSection
	GlobalSection(ExtensibilityGlobals) = postSolution
		SolutionGuid = {4CBFFEB0-359F-47FE-A0BF-F7B165DFD820}
	EndGlobalSection
EndGlobal
