
Microsoft Visual Studio Solution File, Format Version 12.00
# Visual Studio Version 17
VisualStudioVersion = 17.4.33205.214
MinimumVisualStudioVersion = 10.0.40219.1
Project("{E24C65DC-7377-472B-9ABA-BC803B73C61A}") = "WSCONSUMER", ".", "{D876482B-4426-4C6B-AC1B-57E3D06DC3F2}"
	ProjectSection(WebsiteProperties) = preProject
		TargetFrameworkMoniker = ".NETFramework,Version%3Dv4.7.2"
		Debug.AspNetCompiler.VirtualPath = "/localhost_51526"
		Debug.AspNetCompiler.PhysicalPath = "..\WSCONSUMER\"
		Debug.AspNetCompiler.TargetPath = "PrecompiledWeb\localhost_51526\"
		Debug.AspNetCompiler.Updateable = "true"
		Debug.AspNetCompiler.ForceOverwrite = "true"
		Debug.AspNetCompiler.FixedNames = "false"
		Debug.AspNetCompiler.Debug = "True"
		Release.AspNetCompiler.VirtualPath = "/localhost_51526"
		Release.AspNetCompiler.PhysicalPath = "..\WSCONSUMER\"
		Release.AspNetCompiler.TargetPath = "PrecompiledWeb\localhost_51526\"
		Release.AspNetCompiler.Updateable = "true"
		Release.AspNetCompiler.ForceOverwrite = "true"
		Release.AspNetCompiler.FixedNames = "false"
		Release.AspNetCompiler.Debug = "False"
		VWDPort = "51526"
		SlnRelativePath = "..\WSCONSUMER\"
		DefaultWebSiteLanguage = "Visual C#"
	EndProjectSection
EndProject
Global
	GlobalSection(SolutionConfigurationPlatforms) = preSolution
		Debug|Any CPU = Debug|Any CPU
	EndGlobalSection
	GlobalSection(ProjectConfigurationPlatforms) = postSolution
		{D876482B-4426-4C6B-AC1B-57E3D06DC3F2}.Debug|Any CPU.ActiveCfg = Debug|Any CPU
		{D876482B-4426-4C6B-AC1B-57E3D06DC3F2}.Debug|Any CPU.Build.0 = Debug|Any CPU
	EndGlobalSection
	GlobalSection(SolutionProperties) = preSolution
		HideSolutionNode = FALSE
	EndGlobalSection
	GlobalSection(ExtensibilityGlobals) = postSolution
		SolutionGuid = {FE0ABDF0-9E8A-49DD-9ABC-9B9FDBCFD5CC}
	EndGlobalSection
EndGlobal
