
Microsoft Visual Studio Solution File, Format Version 12.00
# Visual Studio Version 17
VisualStudioVersion = 17.4.33122.133
MinimumVisualStudioVersion = 10.0.40219.1
Project("{E24C65DC-7377-472B-9ABA-BC803B73C61A}") = "BattagliaNavale", ".", "{6F110933-CB89-469C-AF71-E82C6D83A71D}"
	ProjectSection(WebsiteProperties) = preProject
		TargetFrameworkMoniker = ".NETFramework,Version%3Dv4.7.2"
		Debug.AspNetCompiler.VirtualPath = "/localhost_52800"
		Debug.AspNetCompiler.PhysicalPath = "..\BattagliaNavale\"
		Debug.AspNetCompiler.TargetPath = "PrecompiledWeb\localhost_52800\"
		Debug.AspNetCompiler.Updateable = "true"
		Debug.AspNetCompiler.ForceOverwrite = "true"
		Debug.AspNetCompiler.FixedNames = "false"
		Debug.AspNetCompiler.Debug = "True"
		Release.AspNetCompiler.VirtualPath = "/localhost_52800"
		Release.AspNetCompiler.PhysicalPath = "..\BattagliaNavale\"
		Release.AspNetCompiler.TargetPath = "PrecompiledWeb\localhost_52800\"
		Release.AspNetCompiler.Updateable = "true"
		Release.AspNetCompiler.ForceOverwrite = "true"
		Release.AspNetCompiler.FixedNames = "false"
		Release.AspNetCompiler.Debug = "False"
		VWDPort = "52800"
		SlnRelativePath = "..\BattagliaNavale\"
		DefaultWebSiteLanguage = "Visual C#"
	EndProjectSection
EndProject
Global
	GlobalSection(SolutionConfigurationPlatforms) = preSolution
		Debug|Any CPU = Debug|Any CPU
	EndGlobalSection
	GlobalSection(ProjectConfigurationPlatforms) = postSolution
		{6F110933-CB89-469C-AF71-E82C6D83A71D}.Debug|Any CPU.ActiveCfg = Debug|Any CPU
		{6F110933-CB89-469C-AF71-E82C6D83A71D}.Debug|Any CPU.Build.0 = Debug|Any CPU
	EndGlobalSection
	GlobalSection(SolutionProperties) = preSolution
		HideSolutionNode = FALSE
	EndGlobalSection
	GlobalSection(ExtensibilityGlobals) = postSolution
		SolutionGuid = {E948BBA9-4876-4D11-8C3A-2619413197E0}
	EndGlobalSection
EndGlobal
