
Microsoft Visual Studio Solution File, Format Version 12.00
# Visual Studio Version 17
VisualStudioVersion = 17.4.33205.214
MinimumVisualStudioVersion = 10.0.40219.1
Project("{E24C65DC-7377-472B-9ABA-BC803B73C61A}") = "CLASSI", ".", "{9FF1E892-A8D2-4683-9CF4-97ACF9C6EC74}"
	ProjectSection(WebsiteProperties) = preProject
		TargetFrameworkMoniker = ".NETFramework,Version%3Dv4.7.2"
		Debug.AspNetCompiler.VirtualPath = "/localhost_62615"
		Debug.AspNetCompiler.PhysicalPath = "..\CLASSI\"
		Debug.AspNetCompiler.TargetPath = "PrecompiledWeb\localhost_62615\"
		Debug.AspNetCompiler.Updateable = "true"
		Debug.AspNetCompiler.ForceOverwrite = "true"
		Debug.AspNetCompiler.FixedNames = "false"
		Debug.AspNetCompiler.Debug = "True"
		Release.AspNetCompiler.VirtualPath = "/localhost_62615"
		Release.AspNetCompiler.PhysicalPath = "..\CLASSI\"
		Release.AspNetCompiler.TargetPath = "PrecompiledWeb\localhost_62615\"
		Release.AspNetCompiler.Updateable = "true"
		Release.AspNetCompiler.ForceOverwrite = "true"
		Release.AspNetCompiler.FixedNames = "false"
		Release.AspNetCompiler.Debug = "False"
		VWDPort = "62615"
		SlnRelativePath = "..\CLASSI\"
		DefaultWebSiteLanguage = "Visual C#"
	EndProjectSection
EndProject
Global
	GlobalSection(SolutionConfigurationPlatforms) = preSolution
		Debug|Any CPU = Debug|Any CPU
	EndGlobalSection
	GlobalSection(ProjectConfigurationPlatforms) = postSolution
		{9FF1E892-A8D2-4683-9CF4-97ACF9C6EC74}.Debug|Any CPU.ActiveCfg = Debug|Any CPU
		{9FF1E892-A8D2-4683-9CF4-97ACF9C6EC74}.Debug|Any CPU.Build.0 = Debug|Any CPU
	EndGlobalSection
	GlobalSection(SolutionProperties) = preSolution
		HideSolutionNode = FALSE
	EndGlobalSection
	GlobalSection(ExtensibilityGlobals) = postSolution
		SolutionGuid = {46F47644-6D63-4585-962B-820E4C3D98A5}
	EndGlobalSection
EndGlobal
